
Microsoft Visual Studio Solution File, Format Version 12.00
# Visual Studio Version 17
VisualStudioVersion = 17.0.31903.59
MinimumVisualStudioVersion = 10.0.40219.1
Project("{2150E333-8FDC-42A3-9474-1A3956D46DE8}") = "src", "src", "{2F7FDB50-C213-40BB-BF03-3C00151A72FF}"
EndProject
Project("{FAE04EC0-301F-11D3-BF4B-00C04F79EFBC}") = "Roblox.Platform.Core", "src\core\Roblox.Platform.Core.csproj", "{94F1B97F-2AB7-4935-B135-3481A391E141}"
EndProject
Project("{FAE04EC0-301F-11D3-BF4B-00C04F79EFBC}") = "Roblox.Platform.Math", "src\math\Roblox.Platform.Math.csproj", "{8FE47066-DAA9-4601-977C-7E337F4D6730}"
EndProject
Global
	GlobalSection(SolutionConfigurationPlatforms) = preSolution
		Debug|Any CPU = Debug|Any CPU
		Release|Any CPU = Release|Any CPU
	EndGlobalSection
	GlobalSection(SolutionProperties) = preSolution
		HideSolutionNode = FALSE
	EndGlobalSection
	GlobalSection(ProjectConfigurationPlatforms) = postSolution
		{94F1B97F-2AB7-4935-B135-3481A391E141}.Debug|Any CPU.ActiveCfg = Debug|Any CPU
		{94F1B97F-2AB7-4935-B135-3481A391E141}.Debug|Any CPU.Build.0 = Debug|Any CPU
		{94F1B97F-2AB7-4935-B135-3481A391E141}.Release|Any CPU.ActiveCfg = Release|Any CPU
		{94F1B97F-2AB7-4935-B135-3481A391E141}.Release|Any CPU.Build.0 = Release|Any CPU
		{8FE47066-DAA9-4601-977C-7E337F4D6730}.Debug|Any CPU.ActiveCfg = Debug|Any CPU
		{8FE47066-DAA9-4601-977C-7E337F4D6730}.Debug|Any CPU.Build.0 = Debug|Any CPU
		{8FE47066-DAA9-4601-977C-7E337F4D6730}.Release|Any CPU.ActiveCfg = Release|Any CPU
		{8FE47066-DAA9-4601-977C-7E337F4D6730}.Release|Any CPU.Build.0 = Release|Any CPU
	EndGlobalSection
	GlobalSection(NestedProjects) = preSolution
		{94F1B97F-2AB7-4935-B135-3481A391E141} = {2F7FDB50-C213-40BB-BF03-3C00151A72FF}
		{8FE47066-DAA9-4601-977C-7E337F4D6730} = {2F7FDB50-C213-40BB-BF03-3C00151A72FF}
	EndGlobalSection
EndGlobal
